// !$*UTF8*$!
{
	archiveVersion = 1;
	classes = {
	};
	objectVersion = 50;
	objects = {

/* Begin PBXBuildFile section */
		5453C1BD220C0CE300161324 /* AppDelegate.m in Sources */ = {isa = PBXBuildFile; fileRef = 5453C1BC220C0CE300161324 /* AppDelegate.m */; };
		5453C1C0220C0CE300161324 /* ViewController.m in Sources */ = {isa = PBXBuildFile; fileRef = 5453C1BF220C0CE300161324 /* ViewController.m */; };
		5453C1C3220C0CE300161324 /* Main.storyboard in Resources */ = {isa = PBXBuildFile; fileRef = 5453C1C1220C0CE300161324 /* Main.storyboard */; };
		5453C1C5220C0CE500161324 /* Assets.xcassets in Resources */ = {isa = PBXBuildFile; fileRef = 5453C1C4220C0CE500161324 /* Assets.xcassets */; };
		5453C1C8220C0CE500161324 /* LaunchScreen.storyboard in Resources */ = {isa = PBXBuildFile; fileRef = 5453C1C6220C0CE500161324 /* LaunchScreen.storyboard */; };
		5453C1CB220C0CE500161324 /* main.m in Sources */ = {isa = PBXBuildFile; fileRef = 5453C1CA220C0CE500161324 /* main.m */; };
		5453C1D5220C0D1800161324 /* MyViewController.m in Sources */ = {isa = PBXBuildFile; fileRef = 5453C1D3220C0D1800161324 /* MyViewController.m */; };
		5453C1D6220C0D1800161324 /* MyViewController.xib in Resources */ = {isa = PBXBuildFile; fileRef = 5453C1D4220C0D1800161324 /* MyViewController.xib */; };
		5453C1DB220C0F3A00161324 /* MyCollectionViewCell.m in Sources */ = {isa = PBXBuildFile; fileRef = 5453C1D9220C0F3A00161324 /* MyCollectionViewCell.m */; };
		5453C1DC220C0F3A00161324 /* MyCollectionViewCell.xib in Resources */ = {isa = PBXBuildFile; fileRef = 5453C1DA220C0F3A00161324 /* MyCollectionViewCell.xib */; };
/* End PBXBuildFile section */

/* Begin PBXFileReference section */
		5453C1B8220C0CE300161324 /* IncorrectCollectionViewCellWidth.app */ = {isa = PBXFileReference; explicitFileType = wrapper.application; includeInIndex = 0; path = IncorrectCollectionViewCellWidth.app; sourceTree = BUILT_PRODUCTS_DIR; };
		5453C1BB220C0CE300161324 /* AppDelegate.h */ = {isa = PBXFileReference; lastKnownFileType = sourcecode.c.h; path = AppDelegate.h; sourceTree = "<group>"; };
		5453C1BC220C0CE300161324 /* AppDelegate.m */ = {isa = PBXFileReference; lastKnownFileType = sourcecode.c.objc; path = AppDelegate.m; sourceTree = "<group>"; };
		5453C1BE220C0CE300161324 /* ViewController.h */ = {isa = PBXFileReference; lastKnownFileType = sourcecode.c.h; path = ViewController.h; sourceTree = "<group>"; };
		5453C1BF220C0CE300161324 /* ViewController.m */ = {isa = PBXFileReference; lastKnownFileType = sourcecode.c.objc; path = ViewController.m; sourceTree = "<group>"; };
		5453C1C2220C0CE300161324 /* Base */ = {isa = PBXFileReference; lastKnownFileType = file.storyboard; name = Base; path = Base.lproj/Main.storyboard; sourceTree = "<group>"; };
		5453C1C4220C0CE500161324 /* Assets.xcassets */ = {isa = PBXFileReference; lastKnownFileType = folder.assetcatalog; path = Assets.xcassets; sourceTree = "<group>"; };
		5453C1C7220C0CE500161324 /* Base */ = {isa = PBXFileReference; lastKnownFileType = file.storyboard; name = Base; path = Base.lproj/LaunchScreen.storyboard; sourceTree = "<group>"; };
		5453C1C9220C0CE500161324 /* Info.plist */ = {isa = PBXFileReference; lastKnownFileType = text.plist.xml; path = Info.plist; sourceTree = "<group>"; };
		5453C1CA220C0CE500161324 /* main.m */ = {isa = PBXFileReference; lastKnownFileType = sourcecode.c.objc; path = main.m; sourceTree = "<group>"; };
		5453C1D2220C0D1800161324 /* MyViewController.h */ = {isa = PBXFileReference; lastKnownFileType = sourcecode.c.h; path = MyViewController.h; sourceTree = "<group>"; };
		5453C1D3220C0D1800161324 /* MyViewController.m */ = {isa = PBXFileReference; lastKnownFileType = sourcecode.c.objc; path = MyViewController.m; sourceTree = "<group>"; };
		5453C1D4220C0D1800161324 /* MyViewController.xib */ = {isa = PBXFileReference; lastKnownFileType = file.xib; path = MyViewController.xib; sourceTree = "<group>"; };
		5453C1D8220C0F3A00161324 /* MyCollectionViewCell.h */ = {isa = PBXFileReference; lastKnownFileType = sourcecode.c.h; path = MyCollectionViewCell.h; sourceTree = "<group>"; };
		5453C1D9220C0F3A00161324 /* MyCollectionViewCell.m */ = {isa = PBXFileReference; lastKnownFileType = sourcecode.c.objc; path = MyCollectionViewCell.m; sourceTree = "<group>"; };
		5453C1DA220C0F3A00161324 /* MyCollectionViewCell.xib */ = {isa = PBXFileReference; lastKnownFileType = file.xib; path = MyCollectionViewCell.xib; sourceTree = "<group>"; };
/* End PBXFileReference section */

/* Begin PBXFrameworksBuildPhase section */
		5453C1B5220C0CE300161324 /* Frameworks */ = {
			isa = PBXFrameworksBuildPhase;
			buildActionMask = 2147483647;
			files = (
			);
			runOnlyForDeploymentPostprocessing = 0;
		};
/* End PBXFrameworksBuildPhase section */

/* Begin PBXGroup section */
		5453C1AF220C0CE300161324 = {
			isa = PBXGroup;
			children = (
				5453C1BA220C0CE300161324 /* IncorrectCollectionViewCellWidth */,
				5453C1B9220C0CE300161324 /* Products */,
			);
			sourceTree = "<group>";
		};
		5453C1B9220C0CE300161324 /* Products */ = {
			isa = PBXGroup;
			children = (
				5453C1B8220C0CE300161324 /* IncorrectCollectionViewCellWidth.app */,
			);
			name = Products;
			sourceTree = "<group>";
		};
		5453C1BA220C0CE300161324 /* IncorrectCollectionViewCellWidth */ = {
			isa = PBXGroup;
			children = (
				5453C1D1220C0CF900161324 /* MyViewController */,
				5453C1BB220C0CE300161324 /* AppDelegate.h */,
				5453C1BC220C0CE300161324 /* AppDelegate.m */,
				5453C1BE220C0CE300161324 /* ViewController.h */,
				5453C1BF220C0CE300161324 /* ViewController.m */,
				5453C1C1220C0CE300161324 /* Main.storyboard */,
				5453C1C4220C0CE500161324 /* Assets.xcassets */,
				5453C1C6220C0CE500161324 /* LaunchScreen.storyboard */,
				5453C1C9220C0CE500161324 /* Info.plist */,
				5453C1CA220C0CE500161324 /* main.m */,
			);
			path = IncorrectCollectionViewCellWidth;
			sourceTree = "<group>";
		};
		5453C1D1220C0CF900161324 /* MyViewController */ = {
			isa = PBXGroup;
			children = (
				5453C1D7220C0F2300161324 /* MyCollectionViewCell */,
				5453C1D2220C0D1800161324 /* MyViewController.h */,
				5453C1D3220C0D1800161324 /* MyViewController.m */,
				5453C1D4220C0D1800161324 /* MyViewController.xib */,
			);
			path = MyViewController;
			sourceTree = "<group>";
		};
		5453C1D7220C0F2300161324 /* MyCollectionViewCell */ = {
			isa = PBXGroup;
			children = (
				5453C1D8220C0F3A00161324 /* MyCollectionViewCell.h */,
				5453C1D9220C0F3A00161324 /* MyCollectionViewCell.m */,
				5453C1DA220C0F3A00161324 /* MyCollectionViewCell.xib */,
			);
			path = MyCollectionViewCell;
			sourceTree = "<group>";
		};
/* End PBXGroup section */

/* Begin PBXNativeTarget section */
		5453C1B7220C0CE300161324 /* IncorrectCollectionViewCellWidth */ = {
			isa = PBXNativeTarget;
			buildConfigurationList = 5453C1CE220C0CE500161324 /* Build configuration list for PBXNativeTarget "IncorrectCollectionViewCellWidth" */;
			buildPhases = (
				5453C1B4220C0CE300161324 /* Sources */,
				5453C1B5220C0CE300161324 /* Frameworks */,
				5453C1B6220C0CE300161324 /* Resources */,
			);
			buildRules = (
			);
			dependencies = (
			);
			name = IncorrectCollectionViewCellWidth;
			productName = IncorrectCollectionViewCellWidth;
			productReference = 5453C1B8220C0CE300161324 /* IncorrectCollectionViewCellWidth.app */;
			productType = "com.apple.product-type.application";
		};
/* End PBXNativeTarget section */

/* Begin PBXProject section */
		5453C1B0220C0CE300161324 /* Project object */ = {
			isa = PBXProject;
			attributes = {
				LastUpgradeCheck = 1010;
				ORGANIZATIONNAME = "Iulian Onofrei";
				TargetAttributes = {
					5453C1B7220C0CE300161324 = {
						CreatedOnToolsVersion = 10.1;
					};
				};
			};
			buildConfigurationList = 5453C1B3220C0CE300161324 /* Build configuration list for PBXProject "IncorrectCollectionViewCellWidth" */;
			compatibilityVersion = "Xcode 9.3";
			developmentRegion = en;
			hasScannedForEncodings = 0;
			knownRegions = (
				en,
				Base,
			);
			mainGroup = 5453C1AF220C0CE300161324;
			productRefGroup = 5453C1B9220C0CE300161324 /* Products */;
			projectDirPath = "";
			projectRoot = "";
			targets = (
				5453C1B7220C0CE300161324 /* IncorrectCollectionViewCellWidth */,
			);
		};
/* End PBXProject section */

/* Begin PBXResourcesBuildPhase section */
		5453C1B6220C0CE300161324 /* Resources */ = {
			isa = PBXResourcesBuildPhase;
			buildActionMask = 2147483647;
			files = (
				5453C1DC220C0F3A00161324 /* MyCollectionViewCell.xib in Resources */,
				5453C1C8220C0CE500161324 /* LaunchScreen.storyboard in Resources */,
				5453C1C5220C0CE500161324 /* Assets.xcassets in Resources */,
				5453C1D6220C0D1800161324 /* MyViewController.xib in Resources */,
				5453C1C3220C0CE300161324 /* Main.storyboard in Resources */,
			);
			runOnlyForDeploymentPostprocessing = 0;
		};
/* End PBXResourcesBuildPhase section */

/* Begin PBXSourcesBuildPhase section */
		5453C1B4220C0CE300161324 /* Sources */ = {
			isa = PBXSourcesBuildPhase;
			buildActionMask = 2147483647;
			files = (
				5453C1C0220C0CE300161324 /* ViewController.m in Sources */,
				5453C1CB220C0CE500161324 /* main.m in Sources */,
				5453C1D5220C0D1800161324 /* MyViewController.m in Sources */,
				5453C1BD220C0CE300161324 /* AppDelegate.m in Sources */,
				5453C1DB220C0F3A00161324 /* MyCollectionViewCell.m in Sources */,
			);
			runOnlyForDeploymentPostprocessing = 0;
		};
/* End PBXSourcesBuildPhase section */

/* Begin PBXVariantGroup section */
		5453C1C1220C0CE300161324 /* Main.storyboard */ = {
			isa = PBXVariantGroup;
			children = (
				5453C1C2220C0CE300161324 /* Base */,
			);
			name = Main.storyboard;
			sourceTree = "<group>";
		};
		5453C1C6220C0CE500161324 /* LaunchScreen.storyboard */ = {
			isa = PBXVariantGroup;
			children = (
				5453C1C7220C0CE500161324 /* Base */,
			);
			name = LaunchScreen.storyboard;
			sourceTree = "<group>";
		};
/* End PBXVariantGroup section */

/* Begin XCBuildConfiguration section */
		5453C1CC220C0CE500161324 /* Debug */ = {
			isa = XCBuildConfiguration;
			buildSettings = {
				ALWAYS_SEARCH_USER_PATHS = NO;
				CLANG_ANALYZER_NONNULL = YES;
				CLANG_ANALYZER_NUMBER_OBJECT_CONVERSION = YES_AGGRESSIVE;
				CLANG_CXX_LANGUAGE_STANDARD = "gnu++14";
				CLANG_CXX_LIBRARY = "libc++";
				CLANG_ENABLE_MODULES = YES;
				CLANG_ENABLE_OBJC_ARC = YES;
				CLANG_ENABLE_OBJC_WEAK = YES;
				CLANG_WARN_BLOCK_CAPTURE_AUTORELEASING = YES;
				CLANG_WARN_BOOL_CONVERSION = YES;
				CLANG_WARN_COMMA = YES;
				CLANG_WARN_CONSTANT_CONVERSION = YES;
				CLANG_WARN_DEPRECATED_OBJC_IMPLEMENTATIONS = YES;
				CLANG_WARN_DIRECT_OBJC_ISA_USAGE = YES_ERROR;
				CLANG_WARN_DOCUMENTATION_COMMENTS = YES;
				CLANG_WARN_EMPTY_BODY = YES;
				CLANG_WARN_ENUM_CONVERSION = YES;
				CLANG_WARN_INFINITE_RECURSION = YES;
				CLANG_WARN_INT_CONVERSION = YES;
				CLANG_WARN_NON_LITERAL_NULL_CONVERSION = YES;
				CLANG_WARN_OBJC_IMPLICIT_RETAIN_SELF = YES;
				CLANG_WARN_OBJC_LITERAL_CONVERSION = YES;
				CLANG_WARN_OBJC_ROOT_CLASS = YES_ERROR;
				CLANG_WARN_RANGE_LOOP_ANALYSIS = YES;
				CLANG_WARN_STRICT_PROTOTYPES = YES;
				CLANG_WARN_SUSPICIOUS_MOVE = YES;
				CLANG_WARN_UNGUARDED_AVAILABILITY = YES_AGGRESSIVE;
				CLANG_WARN_UNREACHABLE_CODE = YES;
				CLANG_WARN__DUPLICATE_METHOD_MATCH = YES;
				CODE_SIGN_IDENTITY = "iPhone Developer";
				COPY_PHASE_STRIP = NO;
				DEBUG_INFORMATION_FORMAT = dwarf;
				ENABLE_STRICT_OBJC_MSGSEND = YES;
				ENABLE_TESTABILITY = YES;
				GCC_C_LANGUAGE_STANDARD = gnu11;
				GCC_DYNAMIC_NO_PIC = NO;
				GCC_NO_COMMON_BLOCKS = YES;
				GCC_OPTIMIZATION_LEVEL = 0;
				GCC_PREPROCESSOR_DEFINITIONS = (
					"DEBUG=1",
					"$(inherited)",
				);
				GCC_WARN_64_TO_32_BIT_CONVERSION = YES;
				GCC_WARN_ABOUT_RETURN_TYPE = YES_ERROR;
				GCC_WARN_UNDECLARED_SELECTOR = YES;
				GCC_WARN_UNINITIALIZED_AUTOS = YES_AGGRESSIVE;
				GCC_WARN_UNUSED_FUNCTION = YES;
				GCC_WARN_UNUSED_VARIABLE = YES;
				IPHONEOS_DEPLOYMENT_TARGET = 12.1;
				MTL_ENABLE_DEBUG_INFO = INCLUDE_SOURCE;
				MTL_FAST_MATH = YES;
				ONLY_ACTIVE_ARCH = YES;
				SDKROOT = iphoneos;
			};
			name = Debug;
		};
		5453C1CD220C0CE500161324 /* Release */ = {
			isa = XCBuildConfiguration;
			buildSettings = {
				ALWAYS_SEARCH_USER_PATHS = NO;
				CLANG_ANALYZER_NONNULL = YES;
				CLANG_ANALYZER_NUMBER_OBJECT_CONVERSION = YES_AGGRESSIVE;
				CLANG_CXX_LANGUAGE_STANDARD = "gnu++14";
				CLANG_CXX_LIBRARY = "libc++";
				CLANG_ENABLE_MODULES = YES;
				CLANG_ENABLE_OBJC_ARC = YES;
				CLANG_ENABLE_OBJC_WEAK = YES;
				CLANG_WARN_BLOCK_CAPTURE_AUTORELEASING = YES;
				CLANG_WARN_BOOL_CONVERSION = YES;
				CLANG_WARN_COMMA = YES;
				CLANG_WARN_CONSTANT_CONVERSION = YES;
				CLANG_WARN_DEPRECATED_OBJC_IMPLEMENTATIONS = YES;
				CLANG_WARN_DIRECT_OBJC_ISA_USAGE = YES_ERROR;
				CLANG_WARN_DOCUMENTATION_COMMENTS = YES;
				CLANG_WARN_EMPTY_BODY = YES;
				CLANG_WARN_ENUM_CONVERSION = YES;
				CLANG_WARN_INFINITE_RECURSION = YES;
				CLANG_WARN_INT_CONVERSION = YES;
				CLANG_WARN_NON_LITERAL_NULL_CONVERSION = YES;
				CLANG_WARN_OBJC_IMPLICIT_RETAIN_SELF = YES;
				CLANG_WARN_OBJC_LITERAL_CONVERSION = YES;
				CLANG_WARN_OBJC_ROOT_CLASS = YES_ERROR;
				CLANG_WARN_RANGE_LOOP_ANALYSIS = YES;
				CLANG_WARN_STRICT_PROTOTYPES = YES;
				CLANG_WARN_SUSPICIOUS_MOVE = YES;
				CLANG_WARN_UNGUARDED_AVAILABILITY = YES_AGGRESSIVE;
				CLANG_WARN_UNREACHABLE_CODE = YES;
				CLANG_WARN__DUPLICATE_METHOD_MATCH = YES;
				CODE_SIGN_IDENTITY = "iPhone Developer";
				COPY_PHASE_STRIP = NO;
				DEBUG_INFORMATION_FORMAT = "dwarf-with-dsym";
				ENABLE_NS_ASSERTIONS = NO;
				ENABLE_STRICT_OBJC_MSGSEND = YES;
				GCC_C_LANGUAGE_STANDARD = gnu11;
				GCC_NO_COMMON_BLOCKS = YES;
				GCC_WARN_64_TO_32_BIT_CONVERSION = YES;
				GCC_WARN_ABOUT_RETURN_TYPE = YES_ERROR;
				GCC_WARN_UNDECLARED_SELECTOR = YES;
				GCC_WARN_UNINITIALIZED_AUTOS = YES_AGGRESSIVE;
				GCC_WARN_UNUSED_FUNCTION = YES;
				GCC_WARN_UNUSED_VARIABLE = YES;
				IPHONEOS_DEPLOYMENT_TARGET = 12.1;
				MTL_ENABLE_DEBUG_INFO = NO;
				MTL_FAST_MATH = YES;
				SDKROOT = iphoneos;
				VALIDATE_PRODUCT = YES;
			};
			name = Release;
		};
		5453C1CF220C0CE500161324 /* Debug */ = {
			isa = XCBuildConfiguration;
			buildSettings = {
				ASSETCATALOG_COMPILER_APPICON_NAME = AppIcon;
				CODE_SIGN_STYLE = Automatic;
				DEVELOPMENT_TEAM = X7DX44X75B;
				INFOPLIST_FILE = IncorrectCollectionViewCellWidth/Info.plist;
				IPHONEOS_DEPLOYMENT_TARGET = 10.3;
				LD_RUNPATH_SEARCH_PATHS = (
					"$(inherited)",
					"@executable_path/Frameworks",
				);
				PRODUCT_BUNDLE_IDENTIFIER = com.iulianonofrei.IncorrectCollectionViewCellWidth;
				PRODUCT_NAME = "$(TARGET_NAME)";
				TARGETED_DEVICE_FAMILY = "1,2";
			};
			name = Debug;
		};
		5453C1D0220C0CE500161324 /* Release */ = {
			isa = XCBuildConfiguration;
			buildSettings = {
				ASSETCATALOG_COMPILER_APPICON_NAME = AppIcon;
				CODE_SIGN_STYLE = Automatic;
				DEVELOPMENT_TEAM = X7DX44X75B;
				INFOPLIST_FILE = IncorrectCollectionViewCellWidth/Info.plist;
				IPHONEOS_DEPLOYMENT_TARGET = 10.3;
				LD_RUNPATH_SEARCH_PATHS = (
					"$(inherited)",
					"@executable_path/Frameworks",
				);
				PRODUCT_BUNDLE_IDENTIFIER = com.iulianonofrei.IncorrectCollectionViewCellWidth;
				PRODUCT_NAME = "$(TARGET_NAME)";
				TARGETED_DEVICE_FAMILY = "1,2";
			};
			name = Release;
		};
/* End XCBuildConfiguration section */

/* Begin XCConfigurationList section */
		5453C1B3220C0CE300161324 /* Build configuration list for PBXProject "IncorrectCollectionViewCellWidth" */ = {
			isa = XCConfigurationList;
			buildConfigurations = (
				5453C1CC220C0CE500161324 /* Debug */,
				5453C1CD220C0CE500161324 /* Release */,
			);
			defaultConfigurationIsVisible = 0;
			defaultConfigurationName = Release;
		};
		5453C1CE220C0CE500161324 /* Build configuration list for PBXNativeTarget "IncorrectCollectionViewCellWidth" */ = {
			isa = XCConfigurationList;
			buildConfigurations = (
				5453C1CF220C0CE500161324 /* Debug */,
				5453C1D0220C0CE500161324 /* Release */,
			);
			defaultConfigurationIsVisible = 0;
			defaultConfigurationName = Release;
		};
/* End XCConfigurationList section */
	};
	rootObject = 5453C1B0220C0CE300161324 /* Project object */;
}
